// !$*UTF8*$!
{
	archiveVersion = 1;
	classes = {
	};
	objectVersion = 46;
	objects = {
/* Begin PBXBuildFile section */
		612D9889F2D30FD72FC1DA83 = {isa = PBXBuildFile; fileRef = 477D1B7FB96DC648855BB80B; }; /* Assets.xcassets */
		A095023499AB1D08F0FADC14 = {isa = PBXBuildFile; fileRef = 28E22B15E5BCB65A0133B933; }; /* LaunchScreen.storyboardc */
		6728AE75BE091B153761FFCF = {isa = PBXBuildFile; fileRef = BA0BDA2C2DB8F84678A2B4D5; }; /* LaunchScreenIOS.png */
/* End PBXBuildFile section */

/* Begin PBXFileReference section */
		7451D3F36FE827DF64027CFE = {isa = PBXFileReference; explicitFileType = file.txt; name = "DefaultEditor.ini"; path = "../../Config/DefaultEditor.ini"; sourceTree = SOURCE_ROOT; };
		4E6FC01DBECF6EAFE3EBE34A = {isa = PBXFileReference; explicitFileType = file.txt; name = "DefaultEditorPerProjectUserSettings.ini"; path = "../../Config/DefaultEditorPerProjectUserSettings.ini"; sourceTree = SOURCE_ROOT; };
		CEDBC2E8B849B360A801E011 = {isa = PBXFileReference; explicitFileType = file.txt; name = "DefaultEngine.ini"; path = "../../Config/DefaultEngine.ini"; sourceTree = SOURCE_ROOT; };
		5873D72E80F5FC38B15BAE4B = {isa = PBXFileReference; explicitFileType = file.txt; name = "DefaultGame.ini"; path = "../../Config/DefaultGame.ini"; sourceTree = SOURCE_ROOT; };
		6BB943E2C40AE476452D4EE3 = {isa = PBXFileReference; explicitFileType = file.txt; name = "DefaultInput.ini"; path = "../../Config/DefaultInput.ini"; sourceTree = SOURCE_ROOT; };
		CF746C0FF4BEC24D1E04EB4B = {isa = PBXFileReference; explicitFileType = file.txt; name = "Version0JestQuest.Target.cs"; path = "../../Source/Version0JestQuest.Target.cs"; sourceTree = SOURCE_ROOT; };
		F519DBC82B7C343B37F88500 = {isa = PBXFileReference; explicitFileType = file.txt; name = "Version0JestQuest.uproject"; path = "../../Version0JestQuest.uproject"; sourceTree = SOURCE_ROOT; };
		DF6614F4DC209BC57EAB6457 = {isa = PBXFileReference; explicitFileType = wrapper.application; name = "Version0JestQuest"; path = "Version0JestQuest"; sourceTree = BUILT_PRODUCTS_DIR; };
		477D1B7FB96DC648855BB80B = {isa = PBXFileReference; explicitFileType = folder.assetcatalog; name = "Assets.xcassets"; path = "/Users/Shared/Epic Games/UE_5.3/Engine/Build/IOS/Resources/Assets.xcassets"; sourceTree = "<absolute>"; };
		28E22B15E5BCB65A0133B933 = {isa = PBXFileReference; explicitFileType = wrapper.storyboardc; name = "LaunchScreen.storyboardc"; path = "/Users/Shared/Epic Games/UE_5.3/Engine/Build/IOS/Resources/Interface/LaunchScreen.storyboardc"; sourceTree = "<absolute>"; };
		BA0BDA2C2DB8F84678A2B4D5 = {isa = PBXFileReference; explicitFileType = image.png; name = "LaunchScreenIOS.png"; path = "/Users/Shared/Epic Games/UE_5.3/Engine/Build/IOS/Resources/Graphics/LaunchScreenIOS.png"; sourceTree = "<absolute>"; };
		394A56046CC4A901FE6712EB = {isa = PBXFileReference; explicitFileType = test.xcconfig; name = "Version0JestQuest.xcconfig"; path = "XcconfigsIOS/Version0JestQuest.xcconfig"; sourceTree = "<group>"; };
		1C6077264A984B16230762B2 = {isa = PBXFileReference; explicitFileType = test.xcconfig; name = "Version0JestQuest_DebugGame.xcconfig"; path = "XcconfigsIOS/Version0JestQuest_DebugGame.xcconfig"; sourceTree = "<group>"; };
		EAACF60D6939A015880491F5 = {isa = PBXFileReference; explicitFileType = test.xcconfig; name = "Version0JestQuest_Development.xcconfig"; path = "XcconfigsIOS/Version0JestQuest_Development.xcconfig"; sourceTree = "<group>"; };
		5A9C6C4B7CAF515B3D2745C8 = {isa = PBXFileReference; explicitFileType = test.xcconfig; name = "Version0JestQuest_Shipping.xcconfig"; path = "XcconfigsIOS/Version0JestQuest_Shipping.xcconfig"; sourceTree = "<group>"; };
		0DEBBB4FE6ABD1361DCDD67F = {isa = PBXFileReference; explicitFileType = text.plist; name = "Info-Editor.Template.plist"; path = "../../../../../../Shared/Epic Games/UE_5.3/Engine/Intermediate/Build/Mac/Resources/Info-Editor.Template.plist"; sourceTree = "<group>"; };
		E4D85C8B5D6370F082ECEC28 = {isa = PBXFileReference; explicitFileType = text.plist; name = "Info.Template.plist"; path = "../../Build/Mac/Resources/Info.Template.plist"; sourceTree = "<group>"; };
		48299A72D84570D88F2BE647 = {isa = PBXFileReference; explicitFileType = text.plist; name = "Info.Template.plist"; path = "../../Build/IOS/UBTGenerated/Info.Template.plist"; sourceTree = "<group>"; };
		2BD10197B31058CE7B404333 = {isa = PBXFileReference; explicitFileType = text.plist; name = "Sandbox.Server.entitlements"; path = "../../Build/Mac/Resources/Sandbox.Server.entitlements"; sourceTree = "<group>"; };
/* End PBXFileReference section */

/* Begin PBXGroup section */
		3D244D3FE4CBD18CD4F10E62 = {
			isa = PBXGroup;
			children = (
				EEB12C7A8993EC907ED76DD3 /* Config */,
				41057DE411F5A571D5361B78 /* Source */,
				F519DBC82B7C343B37F88500 /* Version0JestQuest.uproject */,
				DF8B789D291172A233CA2792 /* Products */,
				FDDC90F106EFF205748D30F6 /* Resources */,
				F9EA8F5BF01B008B6A08E281 /* Xcconfigs */,
				6254BECB482A22F4F221F33C /* Metadata */,
			);
			sourceTree = "<group>";
		};
		EEB12C7A8993EC907ED76DD3 = {
			isa = PBXGroup;
			children = (
				7451D3F36FE827DF64027CFE /* DefaultEditor.ini */,
				4E6FC01DBECF6EAFE3EBE34A /* DefaultEditorPerProjectUserSettings.ini */,
				CEDBC2E8B849B360A801E011 /* DefaultEngine.ini */,
				5873D72E80F5FC38B15BAE4B /* DefaultGame.ini */,
				6BB943E2C40AE476452D4EE3 /* DefaultInput.ini */,
			);
			name = "Config";
			path = "/Users/pat/Documents/JestQuestVerionZeroCplusplus/Version0JestQuest/Config";
			sourceTree = "<absolute>";
		};
		41057DE411F5A571D5361B78 = {
			isa = PBXGroup;
			children = (
				CF746C0FF4BEC24D1E04EB4B /* Version0JestQuest.Target.cs */,
			);
			name = "Source";
			path = "/Users/pat/Documents/JestQuestVerionZeroCplusplus/Version0JestQuest/Source";
			sourceTree = "<absolute>";
		};
		DF8B789D291172A233CA2792 /* Products */ = {
			isa = PBXGroup;
			children = (
				DF6614F4DC209BC57EAB6457 /* Version0JestQuest */,
			);
			name = Products;
			sourceTree = "<group>";
		};
		FDDC90F106EFF205748D30F6 /* Resources */ = {
			isa = PBXGroup;
			children = (
				477D1B7FB96DC648855BB80B /* Assets.xcassets */,
				28E22B15E5BCB65A0133B933 /* LaunchScreen.storyboardc */,
				BA0BDA2C2DB8F84678A2B4D5 /* LaunchScreenIOS.png */,
			);
			name = Resources;
			sourceTree = "<group>";
		};
		F9EA8F5BF01B008B6A08E281 /* Xcconfigs */ = {
			isa = PBXGroup;
			children = (
				394A56046CC4A901FE6712EB /* Version0JestQuest.xcconfig */,
				1C6077264A984B16230762B2 /* Version0JestQuest_DebugGame.xcconfig */,
				EAACF60D6939A015880491F5 /* Version0JestQuest_Development.xcconfig */,
				5A9C6C4B7CAF515B3D2745C8 /* Version0JestQuest_Shipping.xcconfig */,
			);
			name = Xcconfigs;
			sourceTree = "<group>";
		};
		6254BECB482A22F4F221F33C /* Metadata */ = {
			isa = PBXGroup;
			children = (
				0DEBBB4FE6ABD1361DCDD67F /* Info-Editor.Template.plist */,
				E4D85C8B5D6370F082ECEC28 /* Info.Template.plist */,
				48299A72D84570D88F2BE647 /* Info.Template.plist */,
				2BD10197B31058CE7B404333 /* Sandbox.Server.entitlements */,
			);
			name = Metadata;
			sourceTree = "<group>";
		};
/* End PBXGroup section */
/* Begin PBXProject section */
		A4F7C69F5051D74737116300 /* Project object */ = {
			isa = PBXProject;
			attributes = {
				LastUpgradeCheck = 2000;
				ORGANIZATIONNAME = "Epic Games, Inc.";
				TargetAttributes = {
					EC1CF822FDD18809484837EA = {
						ProvisioningStyle = Automatic;
					};
				};
			};
			buildConfigurationList = 0484CD341DB1610AB1E97FE2 /* Build configuration list for PBXProject "Version0JestQuest" */;
			compatibilityVersion = "Xcode 8.0";
			developmentRegion = English;
			hasScannedForEncodings = 0;
			knownRegions = (
				en
			);
			mainGroup = 3D244D3FE4CBD18CD4F10E62;
			productRefGroup = DF8B789D291172A233CA2792;
			projectDirPath = "";
			projectRoot = "";
			targets = (
				EC1CF822FDD18809484837EA /* Version0JestQuest */,
				7402DD66D178BDAA2CD98F76 /* Version0JestQuest_Build */,
			);
		};
/* End PBXProject section */
/* Begin Run_App section */
		EC1CF822FDD18809484837EA /* Version0JestQuest */ = {
			isa = PBXNativeTarget;
			buildConfigurationList = F5B90178E73020DBA074A8A1 /* Build configuration list for PBXNativeTarget "Version0JestQuest" */;
			buildPhases = (
				5484E7BE34DEDD138486B121 /* Resources */,
				AF33216A88F5C06F14CE6E00 /* Copy Executable and Staged Data into .app */,
				97580E62423DDBF535BAF458 /* Generate dsym for archive, and strip */,
			);
			dependencies = (
				02A0F8E9EDCC94C474D99B17 /* Version0JestQuest_Build */,
			);
			name = "Version0JestQuest";
			passBuildSettingsInEnvironment = 1;
			productType = "com.apple.product-type.application";
			productReference = DF6614F4DC209BC57EAB6457;
			productName = "Version0JestQuest";
		};
/* End Run_App section */
		F5B90178E73020DBA074A8A1 /* Build configuration list for target Version0JestQuest */ = {
			isa = XCConfigurationList;
			buildConfigurations = (
				CD32ED47B531D27347EB5650 /* DebugGame */,
				6AD9519563034A972E2AFF23 /* Development */,
				1F22DD4E8B88B678735654CB /* Shipping */,
			);
			defaultConfigurationIsVisible = 0;
			defaultConfigurationName = "Development";
		};
		CD32ED47B531D27347EB5650 /* DebugGame */ = {
			isa = XCBuildConfiguration;
			baseConfigurationReference = 1C6077264A984B16230762B2 /* Version0JestQuest_DebugGame.xcconfig */;
			buildSettings = {
			};
			name = "DebugGame";
		};
		6AD9519563034A972E2AFF23 /* Development */ = {
			isa = XCBuildConfiguration;
			baseConfigurationReference = EAACF60D6939A015880491F5 /* Version0JestQuest_Development.xcconfig */;
			buildSettings = {
			};
			name = "Development";
		};
		1F22DD4E8B88B678735654CB /* Shipping */ = {
			isa = XCBuildConfiguration;
			baseConfigurationReference = 5A9C6C4B7CAF515B3D2745C8 /* Version0JestQuest_Shipping.xcconfig */;
			buildSettings = {
			};
			name = "Shipping";
		};
/* Begin PBXResourcesBuildPhase section */
		5484E7BE34DEDD138486B121 = {
			isa = PBXResourcesBuildPhase;
			buildActionMask = 2147483647;
			files = (
				612D9889F2D30FD72FC1DA83 /* Assets.xcassets in Resources */,
				A095023499AB1D08F0FADC14 /* LaunchScreen.storyboardc in Resources */,
				6728AE75BE091B153761FFCF /* LaunchScreenIOS.png in Resources */,
			);
		};
/* End PBXResourcesBuildPhase section */
/* Begin PBXShellScriptBuildPhase section */
		AF33216A88F5C06F14CE6E00 = {
			isa = PBXShellScriptBuildPhase;
			buildActionMask = 2147483647;
			files = (
			);
			name = "Copy Executable and Staged Data into .app";
			inputPaths = (
			);
			outputPaths = (
				"/dev/null"
			);
			shellPath = /bin/sh;
			shellScript = "set -eo pipefail\nSRC_EXE=\"${UE_BINARIES_DIR}/${UE_UBT_BINARY_SUBPATH}\"\nDEST_EXE=\"${CONFIGURATION_BUILD_DIR}/${EXECUTABLE_PATH}\"\nDEST_EXE_DIR=`dirname \"${DEST_EXE}\"`\n\necho Copying executable and any standalone dylibs into ${DEST_EXE_DIR}\nmkdir -p \"${DEST_EXE_DIR}\"\nditto \"${SRC_EXE}\" \"${DEST_EXE}\"\n\n# Skip syncing if desired\nif [[ ${UE_SKIP_STAGEDDATA_SYNC} -eq 1 ]]; then exit 0; fi\n\n# When building engine projects, like UnrealGame, we don't have data to stage unless something has specified UE_OVERRIDE_STAGE_DIR\nif [[ -z ${UE_OVERRIDE_STAGE_DIR} ]]; then \nSTAGED_DIR=\"${UE_PROJECT_DIR}/Saved/StagedBuilds/${UE_TARGET_PLATFORM_NAME}\"\nelse\n  STAGED_DIR=\"${UE_OVERRIDE_STAGE_DIR}\"\nfi\nif [[ -z ${STAGED_DIR} ]]; then exit 0; fi\n# Make sure the staged directory exists and has files in it\nif [[ ! -e \"${STAGED_DIR}\" || ! $(ls -A \"${STAGED_DIR}\") ]]; then \n  echo =========================================================================================\n  echo \"WARNING: To run, you must have a valid staged build directory. The Staged location is:\"\n  echo \"  ${STAGED_DIR}\"\n  echo \"Use the editor's Platforms menu, or run a command like::\"\n  echo \"./RunUAT.sh BuildCookRun -platform=IOS -project=<project> -build -cook -stage -pak\"\n  echo =========================================================================================\n  exit -0 \nfi\n\necho \"Syncing ${STAGED_DIR}/cookeddata to ${CONFIGURATION_BUILD_DIR}/${CONTENTS_FOLDER_PATH}/cookeddata\"\nrsync -a --delete --exclude=\"/Info.plist\" --exclude=\"/Manifest_*\" --exclude=\"/*.app\" \"${STAGED_DIR}/cookeddata/\" \"${CONFIGURATION_BUILD_DIR}/${CONTENTS_FOLDER_PATH}/cookeddata\"";
		};
/* End PBXShellScriptBuildPhase section */
/* Begin PBXShellScriptBuildPhase section */
		97580E62423DDBF535BAF458 = {
			isa = PBXShellScriptBuildPhase;
			buildActionMask = 2147483647;
			files = (
			);
			name = "Generate dsym for archive, and strip";
			inputPaths = (
				"\"$(CONFIGURATION_BUILD_DIR)/$(EXECUTABLE_PATH)\""
			);
			outputPaths = (
				"\"$(DWARF_DSYM_FOLDER_PATH)/$(DWARF_DSYM_FILE_NAME)\""
			);
			shellPath = /bin/sh;
			shellScript = "set -e\n\n# Run the wrapper dsym generator\n\"${UE_ENGINE_DIR}/Build/BatchFiles/Mac/GenerateUniversalDSYM.sh\" \"${CONFIGURATION_BUILD_DIR}/${EXECUTABLE_PATH}\" \"${DWARF_DSYM_FOLDER_PATH}/${DWARF_DSYM_FILE_NAME}\"\nstrip -no_code_signature_warning -D \"${CONFIGURATION_BUILD_DIR}/${EXECUTABLE_PATH}\"\n\n# Remove any unused architectures from dylibs in the .app (param1) that don't match the executable (param2). Also error if a dylib is missing arches\n\"${UE_ENGINE_DIR}/Build/BatchFiles/Mac/ThinApp.sh\" \"${CONFIGURATION_BUILD_DIR}/${CONTENTS_FOLDER_PATH}\" \"${CONFIGURATION_BUILD_DIR}/${EXECUTABLE_PATH}\"";
			runOnlyForDeploymentPostprocessing = 1;
		};
/* End PBXShellScriptBuildPhase section */
/* Begin PBXContainerItemProxy section */
		D601082CC8FAB6F53D6AFB63 /* PBXContainerItemProxy */ = {
			isa = PBXContainerItemProxy;
			containerPortal = A4F7C69F5051D74737116300 /* Project object */;
			proxyType = 1;
			remoteGlobalIDString = 7402DD66D178BDAA2CD98F76;
			remoteInfo = "Version0JestQuest_Build";
		};
/* End PBXContainerItemProxy section */

/* Begin PBXTargetDependency section */
		02A0F8E9EDCC94C474D99B17 /* PBXTargetDependency */ = {
			isa = PBXTargetDependency;
			target = 7402DD66D178BDAA2CD98F76 /* Version0JestQuest_Build */;
			targetProxy = D601082CC8FAB6F53D6AFB63 /* PBXContainerItemProxy */;
		};
/* End PBXTargetDependency section */
/* Begin Build section */
		7402DD66D178BDAA2CD98F76 /* Version0JestQuest_Build */ = {
			isa = PBXLegacyTarget;
			buildConfigurationList = A8FF322B04F3A40004259CF1 /* Build configuration list for PBXLegacyTarget "Version0JestQuest_Build" */;
			buildArgumentsString = "$(ACTION) Version0JestQuest $(PLATFORM_NAME) $(CONFIGURATION) /Users/pat/Documents/JestQuestVerionZeroCplusplus/Version0JestQuest/Version0JestQuest.uproject";
			buildToolPath = "/Users/Shared/Epic Games/UE_5.3/Engine/Build/BatchFiles/Mac/XcodeBuild.sh";
			buildWorkingDirectory = "/Users/Shared/Epic Games/UE_5.3";
			buildPhases = (
			);
			dependencies = (
			);
			name = "Version0JestQuest_Build";
			passBuildSettingsInEnvironment = 1;
			productType = "com.apple.product-type.library.static";
		};
/* End Build section */
		A8FF322B04F3A40004259CF1 /* Build configuration list for target Version0JestQuest_Build */ = {
			isa = XCConfigurationList;
			buildConfigurations = (
				5A3F99569638FD6EDBE38086 /* DebugGame */,
				C7AD068708E227CA6850F651 /* Development */,
				1EAB42436D62FB4F66EC0C92 /* Shipping */,
			);
			defaultConfigurationIsVisible = 0;
			defaultConfigurationName = "Development";
		};
		5A3F99569638FD6EDBE38086 /* DebugGame */ = {
			isa = XCBuildConfiguration;
			buildSettings = {
			};
			name = "DebugGame";
		};
		C7AD068708E227CA6850F651 /* Development */ = {
			isa = XCBuildConfiguration;
			buildSettings = {
			};
			name = "Development";
		};
		1EAB42436D62FB4F66EC0C92 /* Shipping */ = {
			isa = XCBuildConfiguration;
			buildSettings = {
			};
			name = "Shipping";
		};
		0484CD341DB1610AB1E97FE2 /* Build configuration list for target Version0JestQuest */ = {
			isa = XCConfigurationList;
			buildConfigurations = (
				BCBD2498FA4E2F5BDF6F2D51 /* DebugGame */,
				779C654174E11C3D8CC63B16 /* Development */,
				577BB0B7DD10A395A358400D /* Shipping */,
			);
			defaultConfigurationIsVisible = 0;
			defaultConfigurationName = "Development";
		};
		BCBD2498FA4E2F5BDF6F2D51 /* DebugGame */ = {
			isa = XCBuildConfiguration;
			buildSettings = {
				SUPPORTED_PLATFORMS = "macosx iphonesimulator iphoneos appletvsimulator appletvos";
				ONLY_ACTIVE_ARCH = YES;
			};
			name = "DebugGame";
		};
		779C654174E11C3D8CC63B16 /* Development */ = {
			isa = XCBuildConfiguration;
			buildSettings = {
				SUPPORTED_PLATFORMS = "macosx iphonesimulator iphoneos appletvsimulator appletvos";
				ONLY_ACTIVE_ARCH = YES;
			};
			name = "Development";
		};
		577BB0B7DD10A395A358400D /* Shipping */ = {
			isa = XCBuildConfiguration;
			buildSettings = {
				SUPPORTED_PLATFORMS = "macosx iphonesimulator iphoneos appletvsimulator appletvos";
				ONLY_ACTIVE_ARCH = YES;
			};
			name = "Shipping";
		};
	};
	rootObject = A4F7C69F5051D74737116300 /* Project object */;
}
